
Microsoft Visual Studio Solution File, Format Version 12.00
# Visual Studio Version 17
VisualStudioVersion = 17.12.35527.113
MinimumVisualStudioVersion = 10.0.40219.1
Project("{FAE04EC0-301F-11D3-BF4B-00C04F79EFBC}") = "TensorStack.StableDiffusion", "TensorStack.StableDiffusion\TensorStack.StableDiffusion.csproj", "{C0B32504-3BB2-4500-88F6-1057AE0EA193}"
EndProject
Project("{FAE04EC0-301F-11D3-BF4B-00C04F79EFBC}") = "TensorStack.Image.Bitmap", "TensorStack.Image.Bitmap\TensorStack.Image.Bitmap.csproj", "{7BB55960-DD82-4A5C-A488-788BCDFF601C}"
EndProject
Project("{FAE04EC0-301F-11D3-BF4B-00C04F79EFBC}") = "TensorStack.Image.BitmapImage", "TensorStack.Image.BitmapImage\TensorStack.Image.BitmapImage.csproj", "{D7F2DCDD-D68E-4C23-8FA4-380577C47C34}"
EndProject
Project("{FAE04EC0-301F-11D3-BF4B-00C04F79EFBC}") = "TensorStack.Image.ImageSharp", "TensorStack.Image.ImageSharp\TensorStack.Image.ImageSharp.csproj", "{49D4640B-A5EB-4FBC-B4C0-80A6F342248B}"
EndProject
Project("{FAE04EC0-301F-11D3-BF4B-00C04F79EFBC}") = "TensorStack.Video.Windows", "TensorStack.Video.Windows\TensorStack.Video.Windows.csproj", "{1FC413EC-CAF0-4B54-B206-1D27D2CD820C}"
EndProject
Project("{FAE04EC0-301F-11D3-BF4B-00C04F79EFBC}") = "TensorStack.Video", "TensorStack.Video\TensorStack.Video.csproj", "{D78703B6-518D-4135-92E5-2256A6D255A2}"
EndProject
Project("{FAE04EC0-301F-11D3-BF4B-00C04F79EFBC}") = "TensorStack.Upscaler", "TensorStack.Upscaler\TensorStack.Upscaler.csproj", "{0DD66FB9-0BCD-43D9-9B6B-DEBF5F1D3635}"
EndProject
Project("{FAE04EC0-301F-11D3-BF4B-00C04F79EFBC}") = "TensorStack.Extractors", "TensorStack.Extractors\TensorStack.Extractors.csproj", "{2D4CFD8B-DCA3-4231-838E-EA0B4CAC8D73}"
EndProject
Project("{FAE04EC0-301F-11D3-BF4B-00C04F79EFBC}") = "TensorStack.Common", "TensorStack.Common\TensorStack.Common.csproj", "{5B6FD5FC-8D38-4453-A17A-7038FC717328}"
EndProject
Project("{FAE04EC0-301F-11D3-BF4B-00C04F79EFBC}") = "TensorStack.TextGeneration", "TensorStack.TextGeneration\TensorStack.TextGeneration.csproj", "{F15D8B39-0CD0-446E-80A5-145214860368}"
EndProject
Global
	GlobalSection(SolutionConfigurationPlatforms) = preSolution
		Debug|Any CPU = Debug|Any CPU
		Release|Any CPU = Release|Any CPU
	EndGlobalSection
	GlobalSection(ProjectConfigurationPlatforms) = postSolution
		{C0B32504-3BB2-4500-88F6-1057AE0EA193}.Debug|Any CPU.ActiveCfg = Debug|Any CPU
		{C0B32504-3BB2-4500-88F6-1057AE0EA193}.Debug|Any CPU.Build.0 = Debug|Any CPU
		{C0B32504-3BB2-4500-88F6-1057AE0EA193}.Release|Any CPU.ActiveCfg = Release|Any CPU
		{C0B32504-3BB2-4500-88F6-1057AE0EA193}.Release|Any CPU.Build.0 = Release|Any CPU
		{7BB55960-DD82-4A5C-A488-788BCDFF601C}.Debug|Any CPU.ActiveCfg = Debug|Any CPU
		{7BB55960-DD82-4A5C-A488-788BCDFF601C}.Debug|Any CPU.Build.0 = Debug|Any CPU
		{7BB55960-DD82-4A5C-A488-788BCDFF601C}.Release|Any CPU.ActiveCfg = Release|Any CPU
		{7BB55960-DD82-4A5C-A488-788BCDFF601C}.Release|Any CPU.Build.0 = Release|Any CPU
		{D7F2DCDD-D68E-4C23-8FA4-380577C47C34}.Debug|Any CPU.ActiveCfg = Debug|Any CPU
		{D7F2DCDD-D68E-4C23-8FA4-380577C47C34}.Debug|Any CPU.Build.0 = Debug|Any CPU
		{D7F2DCDD-D68E-4C23-8FA4-380577C47C34}.Release|Any CPU.ActiveCfg = Release|Any CPU
		{D7F2DCDD-D68E-4C23-8FA4-380577C47C34}.Release|Any CPU.Build.0 = Release|Any CPU
		{49D4640B-A5EB-4FBC-B4C0-80A6F342248B}.Debug|Any CPU.ActiveCfg = Debug|Any CPU
		{49D4640B-A5EB-4FBC-B4C0-80A6F342248B}.Debug|Any CPU.Build.0 = Debug|Any CPU
		{49D4640B-A5EB-4FBC-B4C0-80A6F342248B}.Release|Any CPU.ActiveCfg = Release|Any CPU
		{49D4640B-A5EB-4FBC-B4C0-80A6F342248B}.Release|Any CPU.Build.0 = Release|Any CPU
		{1FC413EC-CAF0-4B54-B206-1D27D2CD820C}.Debug|Any CPU.ActiveCfg = Debug|Any CPU
		{1FC413EC-CAF0-4B54-B206-1D27D2CD820C}.Debug|Any CPU.Build.0 = Debug|Any CPU
		{1FC413EC-CAF0-4B54-B206-1D27D2CD820C}.Release|Any CPU.ActiveCfg = Release|Any CPU
		{1FC413EC-CAF0-4B54-B206-1D27D2CD820C}.Release|Any CPU.Build.0 = Release|Any CPU
		{D78703B6-518D-4135-92E5-2256A6D255A2}.Debug|Any CPU.ActiveCfg = Debug|Any CPU
		{D78703B6-518D-4135-92E5-2256A6D255A2}.Debug|Any CPU.Build.0 = Debug|Any CPU
		{D78703B6-518D-4135-92E5-2256A6D255A2}.Release|Any CPU.ActiveCfg = Release|Any CPU
		{D78703B6-518D-4135-92E5-2256A6D255A2}.Release|Any CPU.Build.0 = Release|Any CPU
		{0DD66FB9-0BCD-43D9-9B6B-DEBF5F1D3635}.Debug|Any CPU.ActiveCfg = Debug|Any CPU
		{0DD66FB9-0BCD-43D9-9B6B-DEBF5F1D3635}.Debug|Any CPU.Build.0 = Debug|Any CPU
		{0DD66FB9-0BCD-43D9-9B6B-DEBF5F1D3635}.Release|Any CPU.ActiveCfg = Release|Any CPU
		{0DD66FB9-0BCD-43D9-9B6B-DEBF5F1D3635}.Release|Any CPU.Build.0 = Release|Any CPU
		{2D4CFD8B-DCA3-4231-838E-EA0B4CAC8D73}.Debug|Any CPU.ActiveCfg = Debug|Any CPU
		{2D4CFD8B-DCA3-4231-838E-EA0B4CAC8D73}.Debug|Any CPU.Build.0 = Debug|Any CPU
		{2D4CFD8B-DCA3-4231-838E-EA0B4CAC8D73}.Release|Any CPU.ActiveCfg = Release|Any CPU
		{2D4CFD8B-DCA3-4231-838E-EA0B4CAC8D73}.Release|Any CPU.Build.0 = Release|Any CPU
		{5B6FD5FC-8D38-4453-A17A-7038FC717328}.Debug|Any CPU.ActiveCfg = Debug|Any CPU
		{5B6FD5FC-8D38-4453-A17A-7038FC717328}.Debug|Any CPU.Build.0 = Debug|Any CPU
		{5B6FD5FC-8D38-4453-A17A-7038FC717328}.Release|Any CPU.ActiveCfg = Release|Any CPU
		{5B6FD5FC-8D38-4453-A17A-7038FC717328}.Release|Any CPU.Build.0 = Release|Any CPU
		{F15D8B39-0CD0-446E-80A5-145214860368}.Debug|Any CPU.ActiveCfg = Debug|Any CPU
		{F15D8B39-0CD0-446E-80A5-145214860368}.Debug|Any CPU.Build.0 = Debug|Any CPU
		{F15D8B39-0CD0-446E-80A5-145214860368}.Release|Any CPU.ActiveCfg = Release|Any CPU
		{F15D8B39-0CD0-446E-80A5-145214860368}.Release|Any CPU.Build.0 = Release|Any CPU
	EndGlobalSection
	GlobalSection(SolutionProperties) = preSolution
		HideSolutionNode = FALSE
	EndGlobalSection
	GlobalSection(ExtensibilityGlobals) = postSolution
		SolutionGuid = {5044065A-9313-45F6-B931-A7B7DBD9E91B}
	EndGlobalSection
EndGlobal
